
Microsoft Visual Studio Solution File, Format Version 12.00
# Visual Studio Version 17
VisualStudioVersion = 17.8.34511.84
MinimumVisualStudioVersion = 10.0.40219.1
Project("{FAE04EC0-301F-11D3-BF4B-00C04F79EFBC}") = "PLinq&Parallell", "PLinq&Parallell.csproj", "{810E73FA-0FDF-499E-A500-B934D9507005}"
EndProject
Global
	GlobalSection(SolutionConfigurationPlatforms) = preSolution
		Debug|Any CPU = Debug|Any CPU
		Release|Any CPU = Release|Any CPU
	EndGlobalSection
	GlobalSection(ProjectConfigurationPlatforms) = postSolution
		{810E73FA-0FDF-499E-A500-B934D9507005}.Debug|Any CPU.ActiveCfg = Debug|Any CPU
		{810E73FA-0FDF-499E-A500-B934D9507005}.Debug|Any CPU.Build.0 = Debug|Any CPU
		{810E73FA-0FDF-499E-A500-B934D9507005}.Release|Any CPU.ActiveCfg = Release|Any CPU
		{810E73FA-0FDF-499E-A500-B934D9507005}.Release|Any CPU.Build.0 = Release|Any CPU
	EndGlobalSection
	GlobalSection(SolutionProperties) = preSolution
		HideSolutionNode = FALSE
	EndGlobalSection
	GlobalSection(ExtensibilityGlobals) = postSolution
		SolutionGuid = {8D63C30D-0205-4B86-8AEE-608D2C6BBF86}
	EndGlobalSection
EndGlobal
